
Microsoft Visual Studio Solution File, Format Version 10.00
# Visual Studio 2008
Project("{E24C65DC-7377-472B-9ABA-BC803B73C61A}") = "heritage", ".", "{F95412A5-D4CD-4B81-9828-1E65D2A60F17}"
	ProjectSection(WebsiteProperties) = preProject
		TargetFramework = "3.5"
		Debug.AspNetCompiler.VirtualPath = "/heritage"
		Debug.AspNetCompiler.PhysicalPath = "..\heritage\"
		Debug.AspNetCompiler.TargetPath = "PrecompiledWeb\heritage\"
		Debug.AspNetCompiler.Updateable = "true"
		Debug.AspNetCompiler.ForceOverwrite = "true"
		Debug.AspNetCompiler.FixedNames = "false"
		Debug.AspNetCompiler.Debug = "True"
		Release.AspNetCompiler.VirtualPath = "/heritage"
		Release.AspNetCompiler.PhysicalPath = "..\heritage\"
		Release.AspNetCompiler.TargetPath = "PrecompiledWeb\heritage\"
		Release.AspNetCompiler.Updateable = "true"
		Release.AspNetCompiler.ForceOverwrite = "true"
		Release.AspNetCompiler.FixedNames = "false"
		Release.AspNetCompiler.Debug = "False"
		VWDPort = "49328"
	EndProjectSection
EndProject
Global
	GlobalSection(SolutionConfigurationPlatforms) = preSolution
		Debug|Any CPU = Debug|Any CPU
	EndGlobalSection
	GlobalSection(ProjectConfigurationPlatforms) = postSolution
		{F95412A5-D4CD-4B81-9828-1E65D2A60F17}.Debug|Any CPU.ActiveCfg = Debug|Any CPU
		{F95412A5-D4CD-4B81-9828-1E65D2A60F17}.Debug|Any CPU.Build.0 = Debug|Any CPU
	EndGlobalSection
	GlobalSection(SolutionProperties) = preSolution
		HideSolutionNode = FALSE
	EndGlobalSection
EndGlobal
